
Microsoft Visual Studio Solution File, Format Version 12.00
# Visual Studio Version 17
VisualStudioVersion = 17.10.35013.160
MinimumVisualStudioVersion = 10.0.40219.1
Project("{FAE04EC0-301F-11D3-BF4B-00C04F79EFBC}") = "Serilog-Tutorial", "Serilog-Tutorial\Serilog-Tutorial.csproj", "{938BD7CB-4963-4CE1-8B11-9F260747095C}"
EndProject
Global
	GlobalSection(SolutionConfigurationPlatforms) = preSolution
		Debug|Any CPU = Debug|Any CPU
		Release|Any CPU = Release|Any CPU
	EndGlobalSection
	GlobalSection(ProjectConfigurationPlatforms) = postSolution
		{938BD7CB-4963-4CE1-8B11-9F260747095C}.Debug|Any CPU.ActiveCfg = Debug|Any CPU
		{938BD7CB-4963-4CE1-8B11-9F260747095C}.Debug|Any CPU.Build.0 = Debug|Any CPU
		{938BD7CB-4963-4CE1-8B11-9F260747095C}.Release|Any CPU.ActiveCfg = Release|Any CPU
		{938BD7CB-4963-4CE1-8B11-9F260747095C}.Release|Any CPU.Build.0 = Release|Any CPU
	EndGlobalSection
	GlobalSection(SolutionProperties) = preSolution
		HideSolutionNode = FALSE
	EndGlobalSection
	GlobalSection(ExtensibilityGlobals) = postSolution
		SolutionGuid = {98C8A43A-EDF0-44C5-ABF4-0EE1CAF19BA3}
	EndGlobalSection
EndGlobal
